// !$*UTF8*$!
{
	archiveVersion = 1;
	classes = {
	};
	objectVersion = 48;
	objects = {

/* Begin PBXBuildFile section */
		4131772C1F8EF5FF005F08F0 /* Builder.swift in Sources */ = {isa = PBXBuildFile; fileRef = 413177291F8EEFF0005F08F0 /* Builder.swift */; };
		4131772D1F8EF5FF005F08F0 /* Interactor.swift in Sources */ = {isa = PBXBuildFile; fileRef = 413177221F8EEFEF005F08F0 /* Interactor.swift */; };
		4131772E1F8EF5FF005F08F0 /* LaunchRouter.swift in Sources */ = {isa = PBXBuildFile; fileRef = 413177261F8EEFEF005F08F0 /* LaunchRouter.swift */; };
		4131772F1F8EF5FF005F08F0 /* PresentableInteractor.swift in Sources */ = {isa = PBXBuildFile; fileRef = 413177231F8EEFEF005F08F0 /* PresentableInteractor.swift */; };
		413177301F8EF5FF005F08F0 /* Presenter.swift in Sources */ = {isa = PBXBuildFile; fileRef = 413177251F8EEFEF005F08F0 /* Presenter.swift */; };
		413177311F8EF5FF005F08F0 /* Router.swift in Sources */ = {isa = PBXBuildFile; fileRef = 413177271F8EEFEF005F08F0 /* Router.swift */; };
		413177321F8EF5FF005F08F0 /* ViewableRouter.swift in Sources */ = {isa = PBXBuildFile; fileRef = 413177241F8EEFEF005F08F0 /* ViewableRouter.swift */; };
		413177331F8EF5FF005F08F0 /* ViewControllable.swift in Sources */ = {isa = PBXBuildFile; fileRef = 413177281F8EEFEF005F08F0 /* ViewControllable.swift */; };
		413177341F8EF602005F08F0 /* Worker.swift in Sources */ = {isa = PBXBuildFile; fileRef = 4131772B1F8EEFF0005F08F0 /* Worker.swift */; };
		413177351F8EF605005F08F0 /* Workflow.swift in Sources */ = {isa = PBXBuildFile; fileRef = 413177211F8EEFEF005F08F0 /* Workflow.swift */; };
		413177391F8EF70F005F08F0 /* Executor.swift in Sources */ = {isa = PBXBuildFile; fileRef = 413177371F8EF70A005F08F0 /* Executor.swift */; };
		4131773A1F8EF711005F08F0 /* LeakDetector.swift in Sources */ = {isa = PBXBuildFile; fileRef = 413177381F8EF70A005F08F0 /* LeakDetector.swift */; };
		4131773D1F8EF98A005F08F0 /* Foundation+Extensions.swift in Sources */ = {isa = PBXBuildFile; fileRef = 4131773C1F8EF98A005F08F0 /* Foundation+Extensions.swift */; };
		418C175C1F97F19F003C03F7 /* Component.swift in Sources */ = {isa = PBXBuildFile; fileRef = 418C17571F97DB2E003C03F7 /* Component.swift */; };
		418C175D1F97F1A1003C03F7 /* Dependency.swift in Sources */ = {isa = PBXBuildFile; fileRef = 418C17561F97DB2E003C03F7 /* Dependency.swift */; };
		8B9882EC1F86E1CF00ABE009 /* RIBs.framework in Frameworks */ = {isa = PBXBuildFile; fileRef = 8B9882E21F86E1CF00ABE009 /* RIBs.framework */; };
		8B9882F31F86E1CF00ABE009 /* RIBs.h in Headers */ = {isa = PBXBuildFile; fileRef = 8B9882E51F86E1CF00ABE009 /* RIBs.h */; settings = {ATTRIBUTES = (Public, ); }; };
		AF90B40A1FBA14DB00920384 /* RouterTests.swift in Sources */ = {isa = PBXBuildFile; fileRef = AF90B4091FBA14DB00920384 /* RouterTests.swift */; };
		AF90B40C1FBA157700920384 /* Mocks.swift in Sources */ = {isa = PBXBuildFile; fileRef = AF90B40B1FBA157700920384 /* Mocks.swift */; };
		AF90B4111FBA185E00920384 /* ComponentTests.swift in Sources */ = {isa = PBXBuildFile; fileRef = AF90B4101FBA185E00920384 /* ComponentTests.swift */; };
		AF90B4141FBA18DB00920384 /* WorkerTests.swift in Sources */ = {isa = PBXBuildFile; fileRef = AF90B4131FBA18DB00920384 /* WorkerTests.swift */; };
		AF90B4191FBA1F8500920384 /* WorkflowTests.swift in Sources */ = {isa = PBXBuildFile; fileRef = AF90B4181FBA1F8400920384 /* WorkflowTests.swift */; };
		AF9966B21FC40D7E00CAEAA2 /* RxSwift.framework in Frameworks */ = {isa = PBXBuildFile; fileRef = AF9966B11FC40D7E00CAEAA2 /* RxSwift.framework */; };
		AFB7D4031FC81C8F00045D2B /* Foundation+ExtensionsTests.swift in Sources */ = {isa = PBXBuildFile; fileRef = AF82F6731FC81B5F006DF7BC /* Foundation+ExtensionsTests.swift */; };
		AFB7D4051FC81D6100045D2B /* LaunchRouterTests.swift in Sources */ = {isa = PBXBuildFile; fileRef = AFB7D4041FC81D6100045D2B /* LaunchRouterTests.swift */; };
		BF5FC0F122808377004235F1 /* RxRelay.framework in Frameworks */ = {isa = PBXBuildFile; fileRef = BF5FC0F022808377004235F1 /* RxRelay.framework */; };
/* End PBXBuildFile section */

/* Begin PBXContainerItemProxy section */
		8B9882ED1F86E1CF00ABE009 /* PBXContainerItemProxy */ = {
			isa = PBXContainerItemProxy;
			containerPortal = 8B9882D91F86E1CF00ABE009 /* Project object */;
			proxyType = 1;
			remoteGlobalIDString = 8B9882E11F86E1CF00ABE009;
			remoteInfo = RIBs;
		};
/* End PBXContainerItemProxy section */

/* Begin PBXFileReference section */
		413177211F8EEFEF005F08F0 /* Workflow.swift */ = {isa = PBXFileReference; lastKnownFileType = sourcecode.swift; path = Workflow.swift; sourceTree = "<group>"; };
		413177221F8EEFEF005F08F0 /* Interactor.swift */ = {isa = PBXFileReference; lastKnownFileType = sourcecode.swift; path = Interactor.swift; sourceTree = "<group>"; };
		413177231F8EEFEF005F08F0 /* PresentableInteractor.swift */ = {isa = PBXFileReference; lastKnownFileType = sourcecode.swift; path = PresentableInteractor.swift; sourceTree = "<group>"; };
		413177241F8EEFEF005F08F0 /* ViewableRouter.swift */ = {isa = PBXFileReference; lastKnownFileType = sourcecode.swift; path = ViewableRouter.swift; sourceTree = "<group>"; };
		413177251F8EEFEF005F08F0 /* Presenter.swift */ = {isa = PBXFileReference; lastKnownFileType = sourcecode.swift; path = Presenter.swift; sourceTree = "<group>"; };
		413177261F8EEFEF005F08F0 /* LaunchRouter.swift */ = {isa = PBXFileReference; lastKnownFileType = sourcecode.swift; path = LaunchRouter.swift; sourceTree = "<group>"; };
		413177271F8EEFEF005F08F0 /* Router.swift */ = {isa = PBXFileReference; lastKnownFileType = sourcecode.swift; path = Router.swift; sourceTree = "<group>"; };
		413177281F8EEFEF005F08F0 /* ViewControllable.swift */ = {isa = PBXFileReference; lastKnownFileType = sourcecode.swift; path = ViewControllable.swift; sourceTree = "<group>"; };
		413177291F8EEFF0005F08F0 /* Builder.swift */ = {isa = PBXFileReference; lastKnownFileType = sourcecode.swift; path = Builder.swift; sourceTree = "<group>"; };
		4131772B1F8EEFF0005F08F0 /* Worker.swift */ = {isa = PBXFileReference; lastKnownFileType = sourcecode.swift; path = Worker.swift; sourceTree = "<group>"; };
		413177371F8EF70A005F08F0 /* Executor.swift */ = {isa = PBXFileReference; lastKnownFileType = sourcecode.swift; path = Executor.swift; sourceTree = "<group>"; };
		413177381F8EF70A005F08F0 /* LeakDetector.swift */ = {isa = PBXFileReference; lastKnownFileType = sourcecode.swift; path = LeakDetector.swift; sourceTree = "<group>"; };
		4131773C1F8EF98A005F08F0 /* Foundation+Extensions.swift */ = {isa = PBXFileReference; lastKnownFileType = sourcecode.swift; path = "Foundation+Extensions.swift"; sourceTree = "<group>"; };
		418C17561F97DB2E003C03F7 /* Dependency.swift */ = {isa = PBXFileReference; lastKnownFileType = sourcecode.swift; path = Dependency.swift; sourceTree = "<group>"; };
		418C17571F97DB2E003C03F7 /* Component.swift */ = {isa = PBXFileReference; lastKnownFileType = sourcecode.swift; path = Component.swift; sourceTree = "<group>"; };
		8B9882E21F86E1CF00ABE009 /* RIBs.framework */ = {isa = PBXFileReference; explicitFileType = wrapper.framework; includeInIndex = 0; path = RIBs.framework; sourceTree = BUILT_PRODUCTS_DIR; };
		8B9882E51F86E1CF00ABE009 /* RIBs.h */ = {isa = PBXFileReference; lastKnownFileType = sourcecode.c.h; path = RIBs.h; sourceTree = "<group>"; };
		8B9882E61F86E1CF00ABE009 /* Info.plist */ = {isa = PBXFileReference; lastKnownFileType = text.plist.xml; path = Info.plist; sourceTree = "<group>"; };
		8B9882EB1F86E1CF00ABE009 /* RIBsTests.xctest */ = {isa = PBXFileReference; explicitFileType = wrapper.cfbundle; includeInIndex = 0; path = RIBsTests.xctest; sourceTree = BUILT_PRODUCTS_DIR; };
		8B9882F21F86E1CF00ABE009 /* Info.plist */ = {isa = PBXFileReference; lastKnownFileType = text.plist.xml; path = Info.plist; sourceTree = "<group>"; };
		AF82F6731FC81B5F006DF7BC /* Foundation+ExtensionsTests.swift */ = {isa = PBXFileReference; lastKnownFileType = sourcecode.swift; path = "Foundation+ExtensionsTests.swift"; sourceTree = "<group>"; };
		AF90B4091FBA14DB00920384 /* RouterTests.swift */ = {isa = PBXFileReference; lastKnownFileType = sourcecode.swift; path = RouterTests.swift; sourceTree = "<group>"; };
		AF90B40B1FBA157700920384 /* Mocks.swift */ = {isa = PBXFileReference; lastKnownFileType = sourcecode.swift; path = Mocks.swift; sourceTree = "<group>"; };
		AF90B4101FBA185E00920384 /* ComponentTests.swift */ = {isa = PBXFileReference; lastKnownFileType = sourcecode.swift; path = ComponentTests.swift; sourceTree = "<group>"; };
		AF90B4131FBA18DB00920384 /* WorkerTests.swift */ = {isa = PBXFileReference; lastKnownFileType = sourcecode.swift; path = WorkerTests.swift; sourceTree = "<group>"; };
		AF90B4181FBA1F8400920384 /* WorkflowTests.swift */ = {isa = PBXFileReference; lastKnownFileType = sourcecode.swift; path = WorkflowTests.swift; sourceTree = "<group>"; };
		AF9966B11FC40D7E00CAEAA2 /* RxSwift.framework */ = {isa = PBXFileReference; lastKnownFileType = wrapper.framework; name = RxSwift.framework; path = ../Carthage/Build/iOS/RxSwift.framework; sourceTree = "<group>"; };
		AFB7D4041FC81D6100045D2B /* LaunchRouterTests.swift */ = {isa = PBXFileReference; lastKnownFileType = sourcecode.swift; path = LaunchRouterTests.swift; sourceTree = "<group>"; };
		BF5FC0F022808377004235F1 /* RxRelay.framework */ = {isa = PBXFileReference; lastKnownFileType = wrapper.framework; name = RxRelay.framework; path = ../Carthage/Build/iOS/RxRelay.framework; sourceTree = "<group>"; };
		E8E789432378AD000043E59E /* Package.swift */ = {isa = PBXFileReference; lastKnownFileType = sourcecode.swift; name = Package.swift; path = ../Package.swift; sourceTree = SOURCE_ROOT; };
/* End PBXFileReference section */

/* Begin PBXFrameworksBuildPhase section */
		8B9882DE1F86E1CF00ABE009 /* Frameworks */ = {
			isa = PBXFrameworksBuildPhase;
			buildActionMask = 2147483647;
			files = (
				BF5FC0F122808377004235F1 /* RxRelay.framework in Frameworks */,
				AF9966B21FC40D7E00CAEAA2 /* RxSwift.framework in Frameworks */,
			);
			runOnlyForDeploymentPostprocessing = 0;
		};
		8B9882E81F86E1CF00ABE009 /* Frameworks */ = {
			isa = PBXFrameworksBuildPhase;
			buildActionMask = 2147483647;
			files = (
				8B9882EC1F86E1CF00ABE009 /* RIBs.framework in Frameworks */,
			);
			runOnlyForDeploymentPostprocessing = 0;
		};
/* End PBXFrameworksBuildPhase section */

/* Begin PBXGroup section */
		4121671B1F8C5BDC00371904 /* Classes */ = {
			isa = PBXGroup;
			children = (
				413177291F8EEFF0005F08F0 /* Builder.swift */,
				413177221F8EEFEF005F08F0 /* Interactor.swift */,
				413177261F8EEFEF005F08F0 /* LaunchRouter.swift */,
				413177231F8EEFEF005F08F0 /* PresentableInteractor.swift */,
				413177251F8EEFEF005F08F0 /* Presenter.swift */,
				413177271F8EEFEF005F08F0 /* Router.swift */,
				413177241F8EEFEF005F08F0 /* ViewableRouter.swift */,
				413177281F8EEFEF005F08F0 /* ViewControllable.swift */,
				418C17551F97DB0E003C03F7 /* DI */,
				4131773B1F8EF981005F08F0 /* Extensions */,
				413177361F8EF70A005F08F0 /* LeakDetector */,
				4131772A1F8EEFF0005F08F0 /* Worker */,
				413177201F8EEFEF005F08F0 /* Workflow */,
			);
			path = Classes;
			sourceTree = "<group>";
		};
		413177201F8EEFEF005F08F0 /* Workflow */ = {
			isa = PBXGroup;
			children = (
				413177211F8EEFEF005F08F0 /* Workflow.swift */,
			);
			path = Workflow;
			sourceTree = "<group>";
		};
		4131772A1F8EEFF0005F08F0 /* Worker */ = {
			isa = PBXGroup;
			children = (
				4131772B1F8EEFF0005F08F0 /* Worker.swift */,
			);
			path = Worker;
			sourceTree = "<group>";
		};
		413177361F8EF70A005F08F0 /* LeakDetector */ = {
			isa = PBXGroup;
			children = (
				413177371F8EF70A005F08F0 /* Executor.swift */,
				413177381F8EF70A005F08F0 /* LeakDetector.swift */,
			);
			path = LeakDetector;
			sourceTree = "<group>";
		};
		4131773B1F8EF981005F08F0 /* Extensions */ = {
			isa = PBXGroup;
			children = (
				4131773C1F8EF98A005F08F0 /* Foundation+Extensions.swift */,
			);
			path = Extensions;
			sourceTree = "<group>";
		};
		418C17551F97DB0E003C03F7 /* DI */ = {
			isa = PBXGroup;
			children = (
				418C17571F97DB2E003C03F7 /* Component.swift */,
				418C17561F97DB2E003C03F7 /* Dependency.swift */,
			);
			path = DI;
			sourceTree = "<group>";
		};
		8B9882D81F86E1CF00ABE009 = {
			isa = PBXGroup;
			children = (
				8B9882E41F86E1CF00ABE009 /* RIBs */,
				8B9882EF1F86E1CF00ABE009 /* RIBsTests */,
				8B9882E31F86E1CF00ABE009 /* Products */,
				AF5101421FBBA64A009C0DB3 /* Frameworks */,
			);
			sourceTree = "<group>";
		};
		8B9882E31F86E1CF00ABE009 /* Products */ = {
			isa = PBXGroup;
			children = (
				8B9882E21F86E1CF00ABE009 /* RIBs.framework */,
				8B9882EB1F86E1CF00ABE009 /* RIBsTests.xctest */,
			);
			name = Products;
			sourceTree = "<group>";
		};
		8B9882E41F86E1CF00ABE009 /* RIBs */ = {
			isa = PBXGroup;
			children = (
				4121671B1F8C5BDC00371904 /* Classes */,
				8B9882E51F86E1CF00ABE009 /* RIBs.h */,
				E8E789432378AD000043E59E /* Package.swift */,
				8B9882E61F86E1CF00ABE009 /* Info.plist */,
			);
			path = RIBs;
			sourceTree = "<group>";
		};
		8B9882EF1F86E1CF00ABE009 /* RIBsTests */ = {
			isa = PBXGroup;
			children = (
				8B9882F21F86E1CF00ABE009 /* Info.plist */,
				AFB7D4041FC81D6100045D2B /* LaunchRouterTests.swift */,
				AF90B40B1FBA157700920384 /* Mocks.swift */,
				AF90B4091FBA14DB00920384 /* RouterTests.swift */,
				AF90B40D1FBA163000920384 /* DI */,
				AF82F6721FC81B5F006DF7BC /* Extensions */,
				AF90B4121FBA18CD00920384 /* Worker */,
				AF90B4171FBA1F2400920384 /* Workflow */,
			);
			path = RIBsTests;
			sourceTree = "<group>";
		};
		AF5101421FBBA64A009C0DB3 /* Frameworks */ = {
			isa = PBXGroup;
			children = (
				BF5FC0F022808377004235F1 /* RxRelay.framework */,
				AF9966B11FC40D7E00CAEAA2 /* RxSwift.framework */,
			);
			name = Frameworks;
			sourceTree = "<group>";
		};
		AF82F6721FC81B5F006DF7BC /* Extensions */ = {
			isa = PBXGroup;
			children = (
				AF82F6731FC81B5F006DF7BC /* Foundation+ExtensionsTests.swift */,
			);
			path = Extensions;
			sourceTree = "<group>";
		};
		AF90B40D1FBA163000920384 /* DI */ = {
			isa = PBXGroup;
			children = (
				AF90B4101FBA185E00920384 /* ComponentTests.swift */,
			);
			path = DI;
			sourceTree = "<group>";
		};
		AF90B4121FBA18CD00920384 /* Worker */ = {
			isa = PBXGroup;
			children = (
				AF90B4131FBA18DB00920384 /* WorkerTests.swift */,
			);
			path = Worker;
			sourceTree = "<group>";
		};
		AF90B4171FBA1F2400920384 /* Workflow */ = {
			isa = PBXGroup;
			children = (
				AF90B4181FBA1F8400920384 /* WorkflowTests.swift */,
			);
			path = Workflow;
			sourceTree = "<group>";
		};
/* End PBXGroup section */

/* Begin PBXHeadersBuildPhase section */
		8B9882DF1F86E1CF00ABE009 /* Headers */ = {
			isa = PBXHeadersBuildPhase;
			buildActionMask = 2147483647;
			files = (
				8B9882F31F86E1CF00ABE009 /* RIBs.h in Headers */,
			);
			runOnlyForDeploymentPostprocessing = 0;
		};
/* End PBXHeadersBuildPhase section */

/* Begin PBXNativeTarget section */
		8B9882E11F86E1CF00ABE009 /* RIBs */ = {
			isa = PBXNativeTarget;
			buildConfigurationList = 8B9882F61F86E1CF00ABE009 /* Build configuration list for PBXNativeTarget "RIBs" */;
			buildPhases = (
				8B9882DD1F86E1CF00ABE009 /* Sources */,
				8B9882DE1F86E1CF00ABE009 /* Frameworks */,
				8B9882DF1F86E1CF00ABE009 /* Headers */,
				8B9882E01F86E1CF00ABE009 /* Resources */,
			);
			buildRules = (
			);
			dependencies = (
			);
			name = RIBs;
			productName = RIBs;
			productReference = 8B9882E21F86E1CF00ABE009 /* RIBs.framework */;
			productType = "com.apple.product-type.framework";
		};
		8B9882EA1F86E1CF00ABE009 /* RIBsTests */ = {
			isa = PBXNativeTarget;
			buildConfigurationList = 8B9882F91F86E1CF00ABE009 /* Build configuration list for PBXNativeTarget "RIBsTests" */;
			buildPhases = (
				8B9882E71F86E1CF00ABE009 /* Sources */,
				8B9882E81F86E1CF00ABE009 /* Frameworks */,
				8B9882E91F86E1CF00ABE009 /* Resources */,
				AF8C6C9B1FBC8D3D00C61033 /* Carthage */,
			);
			buildRules = (
			);
			dependencies = (
				8B9882EE1F86E1CF00ABE009 /* PBXTargetDependency */,
			);
			name = RIBsTests;
			productName = RIBsTests;
			productReference = 8B9882EB1F86E1CF00ABE009 /* RIBsTests.xctest */;
			productType = "com.apple.product-type.bundle.unit-test";
		};
/* End PBXNativeTarget section */

/* Begin PBXProject section */
		8B9882D91F86E1CF00ABE009 /* Project object */ = {
			isa = PBXProject;
			attributes = {
				LastSwiftUpdateCheck = 0900;
				LastUpgradeCheck = 0930;
				ORGANIZATIONNAME = "Uber Technologies";
				TargetAttributes = {
					8B9882E11F86E1CF00ABE009 = {
						CreatedOnToolsVersion = 9.0;
						LastSwiftMigration = 1000;
						ProvisioningStyle = Automatic;
					};
					8B9882EA1F86E1CF00ABE009 = {
						CreatedOnToolsVersion = 9.0;
						LastSwiftMigration = 1000;
						ProvisioningStyle = Automatic;
					};
				};
			};
			buildConfigurationList = 8B9882DC1F86E1CF00ABE009 /* Build configuration list for PBXProject "RIBs" */;
			compatibilityVersion = "Xcode 8.0";
			developmentRegion = en;
			hasScannedForEncodings = 0;
			knownRegions = (
				en,
				Base,
			);
			mainGroup = 8B9882D81F86E1CF00ABE009;
			productRefGroup = 8B9882E31F86E1CF00ABE009 /* Products */;
			projectDirPath = "";
			projectRoot = "";
			targets = (
				8B9882E11F86E1CF00ABE009 /* RIBs */,
				8B9882EA1F86E1CF00ABE009 /* RIBsTests */,
			);
		};
/* End PBXProject section */

/* Begin PBXResourcesBuildPhase section */
		8B9882E01F86E1CF00ABE009 /* Resources */ = {
			isa = PBXResourcesBuildPhase;
			buildActionMask = 2147483647;
			files = (
			);
			runOnlyForDeploymentPostprocessing = 0;
		};
		8B9882E91F86E1CF00ABE009 /* Resources */ = {
			isa = PBXResourcesBuildPhase;
			buildActionMask = 2147483647;
			files = (
			);
			runOnlyForDeploymentPostprocessing = 0;
		};
/* End PBXResourcesBuildPhase section */

/* Begin PBXShellScriptBuildPhase section */
		AF8C6C9B1FBC8D3D00C61033 /* Carthage */ = {
			isa = PBXShellScriptBuildPhase;
			buildActionMask = 2147483647;
			files = (
			);
			inputPaths = (
				"$(SRCROOT)/../Carthage/Build/iOS/RxSwift.framework",
				"$(SRCROOT)/../Carthage/Build/iOS/RxRelay.framework",
			);
			name = Carthage;
			outputPaths = (
				"$(BUILT_PRODUCTS_DIR)/$(FRAMEWORKS_FOLDER_PATH)/RxSwift.framework",
				"$(BUILT_PRODUCTS_DIR)/$(FRAMEWORKS_FOLDER_PATH)/RxRelay.framework",
			);
			runOnlyForDeploymentPostprocessing = 0;
			shellPath = /bin/sh;
			shellScript = "/usr/local/bin/carthage copy-frameworks\n";
		};
/* End PBXShellScriptBuildPhase section */

/* Begin PBXSourcesBuildPhase section */
		8B9882DD1F86E1CF00ABE009 /* Sources */ = {
			isa = PBXSourcesBuildPhase;
			buildActionMask = 2147483647;
			files = (
				4131773A1F8EF711005F08F0 /* LeakDetector.swift in Sources */,
				418C175C1F97F19F003C03F7 /* Component.swift in Sources */,
				4131773D1F8EF98A005F08F0 /* Foundation+Extensions.swift in Sources */,
				4131772E1F8EF5FF005F08F0 /* LaunchRouter.swift in Sources */,
				413177391F8EF70F005F08F0 /* Executor.swift in Sources */,
				413177341F8EF602005F08F0 /* Worker.swift in Sources */,
				418C175D1F97F1A1003C03F7 /* Dependency.swift in Sources */,
				4131772D1F8EF5FF005F08F0 /* Interactor.swift in Sources */,
				413177321F8EF5FF005F08F0 /* ViewableRouter.swift in Sources */,
				413177351F8EF605005F08F0 /* Workflow.swift in Sources */,
				4131772F1F8EF5FF005F08F0 /* PresentableInteractor.swift in Sources */,
				4131772C1F8EF5FF005F08F0 /* Builder.swift in Sources */,
				413177331F8EF5FF005F08F0 /* ViewControllable.swift in Sources */,
				413177311F8EF5FF005F08F0 /* Router.swift in Sources */,
				413177301F8EF5FF005F08F0 /* Presenter.swift in Sources */,
			);
			runOnlyForDeploymentPostprocessing = 0;
		};
		8B9882E71F86E1CF00ABE009 /* Sources */ = {
			isa = PBXSourcesBuildPhase;
			buildActionMask = 2147483647;
			files = (
				AFB7D4031FC81C8F00045D2B /* Foundation+ExtensionsTests.swift in Sources */,
				AF90B4111FBA185E00920384 /* ComponentTests.swift in Sources */,
				AFB7D4051FC81D6100045D2B /* LaunchRouterTests.swift in Sources */,
				AF90B4141FBA18DB00920384 /* WorkerTests.swift in Sources */,
				AF90B4191FBA1F8500920384 /* WorkflowTests.swift in Sources */,
				AF90B40A1FBA14DB00920384 /* RouterTests.swift in Sources */,
				AF90B40C1FBA157700920384 /* Mocks.swift in Sources */,
			);
			runOnlyForDeploymentPostprocessing = 0;
		};
/* End PBXSourcesBuildPhase section */

/* Begin PBXTargetDependency section */
		8B9882EE1F86E1CF00ABE009 /* PBXTargetDependency */ = {
			isa = PBXTargetDependency;
			target = 8B9882E11F86E1CF00ABE009 /* RIBs */;
			targetProxy = 8B9882ED1F86E1CF00ABE009 /* PBXContainerItemProxy */;
		};
/* End PBXTargetDependency section */

/* Begin XCBuildConfiguration section */
		8B9882F41F86E1CF00ABE009 /* Debug */ = {
			isa = XCBuildConfiguration;
			buildSettings = {
				ALWAYS_SEARCH_USER_PATHS = NO;
				CLANG_ANALYZER_NONNULL = YES;
				CLANG_ANALYZER_NUMBER_OBJECT_CONVERSION = YES_AGGRESSIVE;
				CLANG_CXX_LANGUAGE_STANDARD = "gnu++14";
				CLANG_CXX_LIBRARY = "libc++";
				CLANG_ENABLE_MODULES = YES;
				CLANG_ENABLE_OBJC_ARC = YES;
				CLANG_WARN_BLOCK_CAPTURE_AUTORELEASING = YES;
				CLANG_WARN_BOOL_CONVERSION = YES;
				CLANG_WARN_COMMA = YES;
				CLANG_WARN_CONSTANT_CONVERSION = YES;
				CLANG_WARN_DEPRECATED_OBJC_IMPLEMENTATIONS = YES;
				CLANG_WARN_DIRECT_OBJC_ISA_USAGE = YES_ERROR;
				CLANG_WARN_DOCUMENTATION_COMMENTS = YES;
				CLANG_WARN_EMPTY_BODY = YES;
				CLANG_WARN_ENUM_CONVERSION = YES;
				CLANG_WARN_INFINITE_RECURSION = YES;
				CLANG_WARN_INT_CONVERSION = YES;
				CLANG_WARN_NON_LITERAL_NULL_CONVERSION = YES;
				CLANG_WARN_OBJC_IMPLICIT_RETAIN_SELF = YES;
				CLANG_WARN_OBJC_LITERAL_CONVERSION = YES;
				CLANG_WARN_OBJC_ROOT_CLASS = YES_ERROR;
				CLANG_WARN_RANGE_LOOP_ANALYSIS = YES;
				CLANG_WARN_STRICT_PROTOTYPES = YES;
				CLANG_WARN_SUSPICIOUS_MOVE = YES;
				CLANG_WARN_UNGUARDED_AVAILABILITY = YES_AGGRESSIVE;
				CLANG_WARN_UNREACHABLE_CODE = YES;
				CLANG_WARN__DUPLICATE_METHOD_MATCH = YES;
				CODE_SIGN_IDENTITY = "iPhone Developer";
				COPY_PHASE_STRIP = NO;
				CURRENT_PROJECT_VERSION = 1;
				DEBUG_INFORMATION_FORMAT = dwarf;
				ENABLE_STRICT_OBJC_MSGSEND = YES;
				ENABLE_TESTABILITY = YES;
				GCC_C_LANGUAGE_STANDARD = gnu11;
				GCC_DYNAMIC_NO_PIC = NO;
				GCC_NO_COMMON_BLOCKS = YES;
				GCC_OPTIMIZATION_LEVEL = 0;
				GCC_PREPROCESSOR_DEFINITIONS = (
					"DEBUG=1",
					"$(inherited)",
				);
				GCC_WARN_64_TO_32_BIT_CONVERSION = YES;
				GCC_WARN_ABOUT_RETURN_TYPE = YES_ERROR;
				GCC_WARN_UNDECLARED_SELECTOR = YES;
				GCC_WARN_UNINITIALIZED_AUTOS = YES_AGGRESSIVE;
				GCC_WARN_UNUSED_FUNCTION = YES;
				GCC_WARN_UNUSED_VARIABLE = YES;
				IPHONEOS_DEPLOYMENT_TARGET = 8.0;
				MTL_ENABLE_DEBUG_INFO = YES;
				ONLY_ACTIVE_ARCH = YES;
				SDKROOT = iphoneos;
				SWIFT_ACTIVE_COMPILATION_CONDITIONS = DEBUG;
				SWIFT_OPTIMIZATION_LEVEL = "-Onone";
				SWIFT_VERSION = 5.0;
				VERSIONING_SYSTEM = "apple-generic";
				VERSION_INFO_PREFIX = "";
			};
			name = Debug;
		};
		8B9882F51F86E1CF00ABE009 /* Release */ = {
			isa = XCBuildConfiguration;
			buildSettings = {
				ALWAYS_SEARCH_USER_PATHS = NO;
				CLANG_ANALYZER_NONNULL = YES;
				CLANG_ANALYZER_NUMBER_OBJECT_CONVERSION = YES_AGGRESSIVE;
				CLANG_CXX_LANGUAGE_STANDARD = "gnu++14";
				CLANG_CXX_LIBRARY = "libc++";
				CLANG_ENABLE_MODULES = YES;
				CLANG_ENABLE_OBJC_ARC = YES;
				CLANG_WARN_BLOCK_CAPTURE_AUTORELEASING = YES;
				CLANG_WARN_BOOL_CONVERSION = YES;
				CLANG_WARN_COMMA = YES;
				CLANG_WARN_CONSTANT_CONVERSION = YES;
				CLANG_WARN_DEPRECATED_OBJC_IMPLEMENTATIONS = YES;
				CLANG_WARN_DIRECT_OBJC_ISA_USAGE = YES_ERROR;
				CLANG_WARN_DOCUMENTATION_COMMENTS = YES;
				CLANG_WARN_EMPTY_BODY = YES;
				CLANG_WARN_ENUM_CONVERSION = YES;
				CLANG_WARN_INFINITE_RECURSION = YES;
				CLANG_WARN_INT_CONVERSION = YES;
				CLANG_WARN_NON_LITERAL_NULL_CONVERSION = YES;
				CLANG_WARN_OBJC_IMPLICIT_RETAIN_SELF = YES;
				CLANG_WARN_OBJC_LITERAL_CONVERSION = YES;
				CLANG_WARN_OBJC_ROOT_CLASS = YES_ERROR;
				CLANG_WARN_RANGE_LOOP_ANALYSIS = YES;
				CLANG_WARN_STRICT_PROTOTYPES = YES;
				CLANG_WARN_SUSPICIOUS_MOVE = YES;
				CLANG_WARN_UNGUARDED_AVAILABILITY = YES_AGGRESSIVE;
				CLANG_WARN_UNREACHABLE_CODE = YES;
				CLANG_WARN__DUPLICATE_METHOD_MATCH = YES;
				CODE_SIGN_IDENTITY = "iPhone Developer";
				COPY_PHASE_STRIP = NO;
				CURRENT_PROJECT_VERSION = 1;
				DEBUG_INFORMATION_FORMAT = "dwarf-with-dsym";
				ENABLE_NS_ASSERTIONS = NO;
				ENABLE_STRICT_OBJC_MSGSEND = YES;
				GCC_C_LANGUAGE_STANDARD = gnu11;
				GCC_NO_COMMON_BLOCKS = YES;
				GCC_WARN_64_TO_32_BIT_CONVERSION = YES;
				GCC_WARN_ABOUT_RETURN_TYPE = YES_ERROR;
				GCC_WARN_UNDECLARED_SELECTOR = YES;
				GCC_WARN_UNINITIALIZED_AUTOS = YES_AGGRESSIVE;
				GCC_WARN_UNUSED_FUNCTION = YES;
				GCC_WARN_UNUSED_VARIABLE = YES;
				IPHONEOS_DEPLOYMENT_TARGET = 8.0;
				MTL_ENABLE_DEBUG_INFO = NO;
				SDKROOT = iphoneos;
				SWIFT_OPTIMIZATION_LEVEL = "-Owholemodule";
				SWIFT_VERSION = 5.0;
				VALIDATE_PRODUCT = YES;
				VERSIONING_SYSTEM = "apple-generic";
				VERSION_INFO_PREFIX = "";
			};
			name = Release;
		};
		8B9882F71F86E1CF00ABE009 /* Debug */ = {
			isa = XCBuildConfiguration;
			buildSettings = {
				CLANG_ENABLE_MODULES = YES;
				CODE_SIGN_IDENTITY = "";
				CODE_SIGN_STYLE = Automatic;
				DEFINES_MODULE = YES;
				DYLIB_COMPATIBILITY_VERSION = 1;
				DYLIB_CURRENT_VERSION = 1;
				DYLIB_INSTALL_NAME_BASE = "@rpath";
				FRAMEWORK_SEARCH_PATHS = (
					"$(inherited)",
					"$(PRODUCTS_DIR)../Carthage/Build/iOS/",
				);
				INFOPLIST_FILE = RIBs/Info.plist;
				INSTALL_PATH = "$(LOCAL_LIBRARY_DIR)/Frameworks";
				IPHONEOS_DEPLOYMENT_TARGET = 8.0;
				LD_RUNPATH_SEARCH_PATHS = "$(inherited) @executable_path/Frameworks @loader_path/Frameworks";
				PRODUCT_BUNDLE_IDENTIFIER = com.uber.RIBs;
				PRODUCT_NAME = "$(TARGET_NAME:c99extidentifier)";
				SKIP_INSTALL = YES;
				SWIFT_OPTIMIZATION_LEVEL = "-Onone";
				SWIFT_VERSION = 5.0;
				TARGETED_DEVICE_FAMILY = "1,2";
			};
			name = Debug;
		};
		8B9882F81F86E1CF00ABE009 /* Release */ = {
			isa = XCBuildConfiguration;
			buildSettings = {
				CLANG_ENABLE_MODULES = YES;
				CODE_SIGN_IDENTITY = "";
				CODE_SIGN_STYLE = Automatic;
				DEFINES_MODULE = YES;
				DYLIB_COMPATIBILITY_VERSION = 1;
				DYLIB_CURRENT_VERSION = 1;
				DYLIB_INSTALL_NAME_BASE = "@rpath";
				FRAMEWORK_SEARCH_PATHS = (
					"$(inherited)",
					"$(PRODUCTS_DIR)../Carthage/Build/iOS/",
				);
				INFOPLIST_FILE = RIBs/Info.plist;
				INSTALL_PATH = "$(LOCAL_LIBRARY_DIR)/Frameworks";
				IPHONEOS_DEPLOYMENT_TARGET = 8.0;
				LD_RUNPATH_SEARCH_PATHS = "$(inherited) @executable_path/Frameworks @loader_path/Frameworks";
				PRODUCT_BUNDLE_IDENTIFIER = com.uber.RIBs;
				PRODUCT_NAME = "$(TARGET_NAME:c99extidentifier)";
				SKIP_INSTALL = YES;
				SWIFT_VERSION = 5.0;
				TARGETED_DEVICE_FAMILY = "1,2";
			};
			name = Release;
		};
		8B9882FA1F86E1CF00ABE009 /* Debug */ = {
			isa = XCBuildConfiguration;
			buildSettings = {
				ALWAYS_EMBED_SWIFT_STANDARD_LIBRARIES = "$(inherited)";
				CODE_SIGN_STYLE = Automatic;
				FRAMEWORK_SEARCH_PATHS = (
					"$(inherited)",
					"$(PRODUCTS_DIR)../Carthage/Build/iOS/",
				);
				INFOPLIST_FILE = RIBsTests/Info.plist;
				LD_RUNPATH_SEARCH_PATHS = "$(inherited) @executable_path/Frameworks @loader_path/Frameworks";
				PRODUCT_BUNDLE_IDENTIFIER = com.uber.RIBsTests;
				PRODUCT_NAME = "$(TARGET_NAME)";
				SWIFT_VERSION = 5.0;
				TARGETED_DEVICE_FAMILY = "1,2";
			};
			name = Debug;
		};
		8B9882FB1F86E1CF00ABE009 /* Release */ = {
			isa = XCBuildConfiguration;
			buildSettings = {
				ALWAYS_EMBED_SWIFT_STANDARD_LIBRARIES = "$(inherited)";
				CODE_SIGN_STYLE = Automatic;
				FRAMEWORK_SEARCH_PATHS = (
					"$(inherited)",
					"$(PRODUCTS_DIR)../Carthage/Build/iOS/",
				);
				INFOPLIST_FILE = RIBsTests/Info.plist;
				LD_RUNPATH_SEARCH_PATHS = "$(inherited) @executable_path/Frameworks @loader_path/Frameworks";
				PRODUCT_BUNDLE_IDENTIFIER = com.uber.RIBsTests;
				PRODUCT_NAME = "$(TARGET_NAME)";
				SWIFT_VERSION = 5.0;
				TARGETED_DEVICE_FAMILY = "1,2";
			};
			name = Release;
		};
/* End XCBuildConfiguration section */

/* Begin XCConfigurationList section */
		8B9882DC1F86E1CF00ABE009 /* Build configuration list for PBXProject "RIBs" */ = {
			isa = XCConfigurationList;
			buildConfigurations = (
				8B9882F41F86E1CF00ABE009 /* Debug */,
				8B9882F51F86E1CF00ABE009 /* Release */,
			);
			defaultConfigurationIsVisible = 0;
			defaultConfigurationName = Release;
		};
		8B9882F61F86E1CF00ABE009 /* Build configuration list for PBXNativeTarget "RIBs" */ = {
			isa = XCConfigurationList;
			buildConfigurations = (
				8B9882F71F86E1CF00ABE009 /* Debug */,
				8B9882F81F86E1CF00ABE009 /* Release */,
			);
			defaultConfigurationIsVisible = 0;
			defaultConfigurationName = Release;
		};
		8B9882F91F86E1CF00ABE009 /* Build configuration list for PBXNativeTarget "RIBsTests" */ = {
			isa = XCConfigurationList;
			buildConfigurations = (
				8B9882FA1F86E1CF00ABE009 /* Debug */,
				8B9882FB1F86E1CF00ABE009 /* Release */,
			);
			defaultConfigurationIsVisible = 0;
			defaultConfigurationName = Release;
		};
/* End XCConfigurationList section */
	};
	rootObject = 8B9882D91F86E1CF00ABE009 /* Project object */;
}
